
Microsoft Visual Studio Solution File, Format Version 12.00
# Visual Studio 15
VisualStudioVersion = 15.0.26124.0
MinimumVisualStudioVersion = 15.0.26124.0
Project("{FAE04EC0-301F-11D3-BF4B-00C04F79EFBC}") = "Coronado.Web", "Coronado.Web\Coronado.Web.csproj", "{EE2056D6-1E28-4C35-BEC7-E2091FD17722}"
EndProject
Global
	GlobalSection(SolutionConfigurationPlatforms) = preSolution
		Debug|Any CPU = Debug|Any CPU
		Release|Any CPU = Release|Any CPU
	EndGlobalSection
	GlobalSection(ProjectConfigurationPlatforms) = postSolution
		{EE2056D6-1E28-4C35-BEC7-E2091FD17722}.Debug|Any CPU.ActiveCfg = Debug|Any CPU
		{EE2056D6-1E28-4C35-BEC7-E2091FD17722}.Debug|Any CPU.Build.0 = Debug|Any CPU
		{EE2056D6-1E28-4C35-BEC7-E2091FD17722}.Release|Any CPU.ActiveCfg = Release|Any CPU
		{EE2056D6-1E28-4C35-BEC7-E2091FD17722}.Release|Any CPU.Build.0 = Release|Any CPU
	EndGlobalSection
	GlobalSection(SolutionProperties) = preSolution
		HideSolutionNode = FALSE
	EndGlobalSection
	GlobalSection(ExtensibilityGlobals) = postSolution
		SolutionGuid = {AD203E35-C47F-414A-BC4A-E87D796E75BF}
	EndGlobalSection
EndGlobal
